
Microsoft Visual Studio Solution File, Format Version 12.00
# Visual Studio Version 16
VisualStudioVersion = 16.0.30128.74
MinimumVisualStudioVersion = 10.0.40219.1
Project("{FAE04EC0-301F-11D3-BF4B-00C04F79EFBC}") = "Tiktac", "Tiktac\Tiktac.csproj", "{8AD49670-5F2C-4BD7-BB50-870935225071}"
EndProject
Global
	GlobalSection(SolutionConfigurationPlatforms) = preSolution
		Debug|Any CPU = Debug|Any CPU
		Release|Any CPU = Release|Any CPU
	EndGlobalSection
	GlobalSection(ProjectConfigurationPlatforms) = postSolution
		{8AD49670-5F2C-4BD7-BB50-870935225071}.Debug|Any CPU.ActiveCfg = Debug|Any CPU
		{8AD49670-5F2C-4BD7-BB50-870935225071}.Debug|Any CPU.Build.0 = Debug|Any CPU
		{8AD49670-5F2C-4BD7-BB50-870935225071}.Release|Any CPU.ActiveCfg = Release|Any CPU
		{8AD49670-5F2C-4BD7-BB50-870935225071}.Release|Any CPU.Build.0 = Release|Any CPU
	EndGlobalSection
	GlobalSection(SolutionProperties) = preSolution
		HideSolutionNode = FALSE
	EndGlobalSection
	GlobalSection(ExtensibilityGlobals) = postSolution
		SolutionGuid = {79BD46D0-EE54-4212-82F1-450A862EBC39}
	EndGlobalSection
EndGlobal
